
Microsoft Visual Studio Solution File, Format Version 12.00
# Visual Studio Version 17
VisualStudioVersion = 17.14.36705.20 d17.14
MinimumVisualStudioVersion = 10.0.40219.1
Project("{FAE04EC0-301F-11D3-BF4B-00C04F79EFBC}") = "Vendor_Testing_Issue_Log", "Vendor_Testing_Issue_Log.csproj", "{723C181D-26BF-446D-8BBD-D3A5E202CBCC}"
EndProject
Global
	GlobalSection(SolutionConfigurationPlatforms) = preSolution
		Debug|Any CPU = Debug|Any CPU
		Release|Any CPU = Release|Any CPU
	EndGlobalSection
	GlobalSection(ProjectConfigurationPlatforms) = postSolution
		{723C181D-26BF-446D-8BBD-D3A5E202CBCC}.Debug|Any CPU.ActiveCfg = Debug|Any CPU
		{723C181D-26BF-446D-8BBD-D3A5E202CBCC}.Debug|Any CPU.Build.0 = Debug|Any CPU
		{723C181D-26BF-446D-8BBD-D3A5E202CBCC}.Release|Any CPU.ActiveCfg = Release|Any CPU
		{723C181D-26BF-446D-8BBD-D3A5E202CBCC}.Release|Any CPU.Build.0 = Release|Any CPU
	EndGlobalSection
	GlobalSection(SolutionProperties) = preSolution
		HideSolutionNode = FALSE
	EndGlobalSection
	GlobalSection(ExtensibilityGlobals) = postSolution
		SolutionGuid = {FEEB4237-98D0-4EF3-BA9D-01F98E509A32}
	EndGlobalSection
EndGlobal
